// !$*UTF8*$!
{
	archiveVersion = 1;
	classes = {
	};
	objectVersion = 42;
	objects = {

/* Begin PBXBuildFile section */
		BD38B4620D26965E00A422F0 /* base_db.cpp in Sources */ = {isa = PBXBuildFile; fileRef = BD38B4510D26965E00A422F0 /* base_db.cpp */; };
		BD38B4630D26965E00A422F0 /* base_rec.cpp in Sources */ = {isa = PBXBuildFile; fileRef = BD38B4520D26965E00A422F0 /* base_rec.cpp */; };
		BD38B4640D26965E00A422F0 /* data_error.cpp in Sources */ = {isa = PBXBuildFile; fileRef = BD38B4530D26965E00A422F0 /* data_error.cpp */; };
		BD38B4650D26965E00A422F0 /* fb_base_rec.cpp in Sources */ = {isa = PBXBuildFile; fileRef = BD38B4540D26965E00A422F0 /* fb_base_rec.cpp */; };
		BD38B4660D26965E00A422F0 /* fb_files_audio_metadata.cpp in Sources */ = {isa = PBXBuildFile; fileRef = BD38B4550D26965E00A422F0 /* fb_files_audio_metadata.cpp */; };
		BD38B4670D26965E00A422F0 /* fb_files.cpp in Sources */ = {isa = PBXBuildFile; fileRef = BD38B4560D26965E00A422F0 /* fb_files.cpp */; };
		BD38B4680D26965E00A422F0 /* fb_paths.cpp in Sources */ = {isa = PBXBuildFile; fileRef = BD38B4570D26965E00A422F0 /* fb_paths.cpp */; };
		BD38B4690D26965E00A422F0 /* fb_virtual_files.cpp in Sources */ = {isa = PBXBuildFile; fileRef = BD38B4580D26965E00A422F0 /* fb_virtual_files.cpp */; };
		BD38B46A0D26965E00A422F0 /* fb_virtual_paths.cpp in Sources */ = {isa = PBXBuildFile; fileRef = BD38B4590D26965E00A422F0 /* fb_virtual_paths.cpp */; };
		BD38B46B0D26965E00A422F0 /* fb_volumes.cpp in Sources */ = {isa = PBXBuildFile; fileRef = BD38B45A0D26965E00A422F0 /* fb_volumes.cpp */; };
		BD38B46C0D26965E00A422F0 /* files_audio_metadata.cpp in Sources */ = {isa = PBXBuildFile; fileRef = BD38B45B0D26965E00A422F0 /* files_audio_metadata.cpp */; };
		BD38B46D0D26965E00A422F0 /* files.cpp in Sources */ = {isa = PBXBuildFile; fileRef = BD38B45C0D26965E00A422F0 /* files.cpp */; };
		BD38B46E0D26965E00A422F0 /* firebird_db.cpp in Sources */ = {isa = PBXBuildFile; fileRef = BD38B45D0D26965E00A422F0 /* firebird_db.cpp */; };
		BD38B46F0D26965E00A422F0 /* paths.cpp in Sources */ = {isa = PBXBuildFile; fileRef = BD38B45E0D26965E00A422F0 /* paths.cpp */; };
		BD38B4700D26965E00A422F0 /* virtual_files.cpp in Sources */ = {isa = PBXBuildFile; fileRef = BD38B45F0D26965E00A422F0 /* virtual_files.cpp */; };
		BD38B4710D26965E00A422F0 /* virtual_paths.cpp in Sources */ = {isa = PBXBuildFile; fileRef = BD38B4600D26965E00A422F0 /* virtual_paths.cpp */; };
		BD38B4720D26965E00A422F0 /* volumes.cpp in Sources */ = {isa = PBXBuildFile; fileRef = BD38B4610D26965E00A422F0 /* volumes.cpp */; };
		BD57AF860E1AC86E00B2B2EF /* convert_db_unicode.cpp in Sources */ = {isa = PBXBuildFile; fileRef = BD57AF840E1AC86E00B2B2EF /* convert_db_unicode.cpp */; };
		BD57AF870E1AC86E00B2B2EF /* restore.cpp in Sources */ = {isa = PBXBuildFile; fileRef = BD57AF850E1AC86E00B2B2EF /* restore.cpp */; };
		BDB509A50D26C1FE003AB768 /* all_in_one.cpp in Sources */ = {isa = PBXBuildFile; fileRef = BDB509A40D26C1FE003AB768 /* all_in_one.cpp */; };
		BDB509AF0D26C4EC003AB768 /* libIBPP.a in Frameworks */ = {isa = PBXBuildFile; fileRef = BDB5099D0D26C0AD003AB768 /* libIBPP.a */; };
		BDB509C60D26CD2E003AB768 /* vvv.htb in Copy Files - Executables */ = {isa = PBXBuildFile; fileRef = BDB509C50D26CD12003AB768 /* vvv.htb */; };
		BDB509CE0D26CE4F003AB768 /* vvv-struct-update.fdb in Copy Files - Executables */ = {isa = PBXBuildFile; fileRef = BDB509CA0D26CE27003AB768 /* vvv-struct-update.fdb */; };
		BDB509CF0D26CE59003AB768 /* VVV.fbk in Copy Files - Executables */ = {isa = PBXBuildFile; fileRef = BDB509CB0D26CE27003AB768 /* VVV.fbk */; };
		BDC65A390D268C4800FE4EAF /* audio_metadata.cpp in Sources */ = {isa = PBXBuildFile; fileRef = BDC65A2D0D268C4800FE4EAF /* audio_metadata.cpp */; };
		BDC65A3A0D268C4800FE4EAF /* catalog_volume.cpp in Sources */ = {isa = PBXBuildFile; fileRef = BDC65A2E0D268C4800FE4EAF /* catalog_volume.cpp */; };
		BDC65A3B0D268C4800FE4EAF /* choose_virtual_folder.cpp in Sources */ = {isa = PBXBuildFile; fileRef = BDC65A2F0D268C4800FE4EAF /* choose_virtual_folder.cpp */; };
		BDC65A3C0D268C4800FE4EAF /* long_task_beep.cpp in Sources */ = {isa = PBXBuildFile; fileRef = BDC65A300D268C4800FE4EAF /* long_task_beep.cpp */; };
		BDC65A3D0D268C4800FE4EAF /* mainframe.cpp in Sources */ = {isa = PBXBuildFile; fileRef = BDC65A310D268C4800FE4EAF /* mainframe.cpp */; };
		BDC65A3E0D268C4800FE4EAF /* object_description.cpp in Sources */ = {isa = PBXBuildFile; fileRef = BDC65A320D268C4800FE4EAF /* object_description.cpp */; };
		BDC65A3F0D268C4800FE4EAF /* opencatalog.cpp in Sources */ = {isa = PBXBuildFile; fileRef = BDC65A330D268C4800FE4EAF /* opencatalog.cpp */; };
		BDC65A400D268C4800FE4EAF /* settings.cpp in Sources */ = {isa = PBXBuildFile; fileRef = BDC65A340D268C4800FE4EAF /* settings.cpp */; };
		BDC65A410D268C4800FE4EAF /* utils.cpp in Sources */ = {isa = PBXBuildFile; fileRef = BDC65A350D268C4800FE4EAF /* utils.cpp */; };
		BDC65A420D268C4800FE4EAF /* vvv.cpp in Sources */ = {isa = PBXBuildFile; fileRef = BDC65A360D268C4800FE4EAF /* vvv.cpp */; };
		BDC65A430D268C4800FE4EAF /* window_position.cpp in Sources */ = {isa = PBXBuildFile; fileRef = BDC65A370D268C4800FE4EAF /* window_position.cpp */; };
		BDC7ED000D2C0C62005642FE /* libicudata.dylib in Frameworks */ = {isa = PBXBuildFile; fileRef = BDDE885B0D2BF0CC00756213 /* libicudata.dylib */; };
		BDC7ED010D2C0C63005642FE /* libicui18n.dylib in Frameworks */ = {isa = PBXBuildFile; fileRef = BDDE885C0D2BF0CC00756213 /* libicui18n.dylib */; };
		BDCCA1560F5409C50012CEC7 /* wxstd.mo in Copy Files - Languages - de */ = {isa = PBXBuildFile; fileRef = BDCCA1480F5408FD0012CEC7 /* wxstd.mo */; };
		BDCCA1590F5409DD0012CEC7 /* wxstd.mo in Copy Files - Languages - es */ = {isa = PBXBuildFile; fileRef = BDCCA14A0F5409100012CEC7 /* wxstd.mo */; };
		BDCCA15A0F5409EA0012CEC7 /* wxstd.mo in Copy Files - Languages - fr */ = {isa = PBXBuildFile; fileRef = BDCCA14C0F5409240012CEC7 /* wxstd.mo */; };
		BDCCA15B0F5409F70012CEC7 /* wxstd.mo in Copy Files - Languages - it */ = {isa = PBXBuildFile; fileRef = BDCCA14E0F5409430012CEC7 /* wxstd.mo */; };
		BDCCA15C0F540A050012CEC7 /* wxstd.mo in Copy Files - Languages - nl */ = {isa = PBXBuildFile; fileRef = BDCCA1500F5409590012CEC7 /* wxstd.mo */; };
		BDCCA15D0F540A110012CEC7 /* wxstd.mo in Copy Files - Languages - pl */ = {isa = PBXBuildFile; fileRef = BDCCA1520F54096A0012CEC7 /* wxstd.mo */; };
		BDCCA15E0F540A1D0012CEC7 /* wxstd.mo in Copy Files - Languages - pt */ = {isa = PBXBuildFile; fileRef = BDCCA1540F54097C0012CEC7 /* wxstd.mo */; };
		BDD085DD0D5A239A001CFF1C /* firebird.msg in Copy Files - Executables-firebird-bin-firebird */ = {isa = PBXBuildFile; fileRef = BDDE88550D2BF0CC00756213 /* firebird.msg */; };
		BDD0E7EA0D2D585E00761368 /* vvv-document.icns in Resources */ = {isa = PBXBuildFile; fileRef = BDD0E7E90D2D585E00761368 /* vvv-document.icns */; };
		BDD329F80F2B010100428344 /* catalog_volume_functions.cpp in Sources */ = {isa = PBXBuildFile; fileRef = BDD329F60F2B010100428344 /* catalog_volume_functions.cpp */; };
		BDD329F90F2B010100428344 /* update_volume.cpp in Sources */ = {isa = PBXBuildFile; fileRef = BDD329F70F2B010100428344 /* update_volume.cpp */; };
		BDD32A2E0F2B253000428344 /* vvv.mo in Copy Files - Languages - it */ = {isa = PBXBuildFile; fileRef = BDD32A0F0F2B245200428344 /* vvv.mo */; };
		BDD32A310F2B25DF00428344 /* vvv.mo in Copy Files - Languages - cz */ = {isa = PBXBuildFile; fileRef = BDD32A000F2B245200428344 /* vvv.mo */; };
		BDD32A380F2B267A00428344 /* vvv.mo in Copy Files - Languages - de */ = {isa = PBXBuildFile; fileRef = BDD32A030F2B245200428344 /* vvv.mo */; };
		BDD32A470F2B26C100428344 /* vvv.mo in Copy Files - Languages - es */ = {isa = PBXBuildFile; fileRef = BDD32A060F2B245200428344 /* vvv.mo */; };
		BDD32A4F0F2B274500428344 /* vvv.mo in Copy Files - Languages - fr */ = {isa = PBXBuildFile; fileRef = BDD32A090F2B245200428344 /* vvv.mo */; };
		BDD32A530F2B279800428344 /* vvv.mo in Copy Files - Languages - hr */ = {isa = PBXBuildFile; fileRef = BDD32A0C0F2B245200428344 /* vvv.mo */; };
		BDD32A580F2B27F100428344 /* vvv.mo in Copy Files - Languages - nl */ = {isa = PBXBuildFile; fileRef = BDD32A120F2B245200428344 /* vvv.mo */; };
		BDD32A5D0F2B282A00428344 /* vvv.mo in Copy Files - Languages - pl */ = {isa = PBXBuildFile; fileRef = BDD32A150F2B245200428344 /* vvv.mo */; };
		BDD32A610F2B287600428344 /* vvv.mo in Copy Files - Languages - pt */ = {isa = PBXBuildFile; fileRef = BDD32A180F2B245200428344 /* vvv.mo */; };
		BDD56C0D0D2AAE2200F874D3 /* vvv.icns in Resources */ = {isa = PBXBuildFile; fileRef = BDD56C0C0D2AAE2100F874D3 /* vvv.icns */; };
		BDDE88700D2BF2AB00756213 /* firebird.conf in Copy Files - Executables */ = {isa = PBXBuildFile; fileRef = BDDE885F0D2BF0CC00756213 /* firebird.conf */; };
		BDDE88730D2BF40200756213 /* firebird.msg in Copy Files - Executables-firebird */ = {isa = PBXBuildFile; fileRef = BDDE88550D2BF0CC00756213 /* firebird.msg */; };
		BDDE88740D2BF40200756213 /* libfbembed.dylib in Copy Files - Executables-firebird */ = {isa = PBXBuildFile; fileRef = BDDE88590D2BF0CC00756213 /* libfbembed.dylib */; };
		BDDE88760D2BF40200756213 /* libicudata.dylib in Copy Files - Executables-firebird */ = {isa = PBXBuildFile; fileRef = BDDE885B0D2BF0CC00756213 /* libicudata.dylib */; };
		BDDE88770D2BF40200756213 /* libicui18n.dylib in Copy Files - Executables-firebird */ = {isa = PBXBuildFile; fileRef = BDDE885C0D2BF0CC00756213 /* libicui18n.dylib */; };
		BDDE88780D2BF40200756213 /* libicuuc.dylib in Copy Files - Executables-firebird */ = {isa = PBXBuildFile; fileRef = BDDE885D0D2BF0CC00756213 /* libicuuc.dylib */; };
		BDDE88790D2BF40200756213 /* security2.fdb in Copy Files - Executables-firebird */ = {isa = PBXBuildFile; fileRef = BDDE885E0D2BF0CC00756213 /* security2.fdb */; };
		BDDE887E0D2BF50700756213 /* fb_lock_mgr in Copy Files - Executables-firebird-bin */ = {isa = PBXBuildFile; fileRef = BDDE88520D2BF0CC00756213 /* fb_lock_mgr */; };
		BDDE887F0D2BF50700756213 /* gbak in Copy Files - Executables-firebird-bin */ = {isa = PBXBuildFile; fileRef = BDDE88530D2BF0CC00756213 /* gbak */; };
		BDDE88800D2BF50700756213 /* isql in Copy Files - Executables-firebird-bin */ = {isa = PBXBuildFile; fileRef = BDDE88540D2BF0CC00756213 /* isql */; };
		BDDE88810D2BF53100756213 /* fbintl.conf in Copy Files - Executables-intl */ = {isa = PBXBuildFile; fileRef = BDDE88570D2BF0CC00756213 /* fbintl.conf */; };
		BDDE88820D2BF53100756213 /* fbintl.dylib in Copy Files - Executables-intl */ = {isa = PBXBuildFile; fileRef = BDDE88580D2BF0CC00756213 /* fbintl.dylib */; };
		BDE673290D2CF2580095991E /* libfbembed.dylib in Frameworks */ = {isa = PBXBuildFile; fileRef = BDDE88590D2BF0CC00756213 /* libfbembed.dylib */; };
		BDE673480D2CFE5D0095991E /* libicuuc.dylib in Frameworks */ = {isa = PBXBuildFile; fileRef = BDDE885D0D2BF0CC00756213 /* libicuuc.dylib */; };
		BDF7CAA30DF1A2E5005B0634 /* exportdata.cpp in Sources */ = {isa = PBXBuildFile; fileRef = BDF7CAA20DF1A2E5005B0634 /* exportdata.cpp */; };
/* End PBXBuildFile section */

/* Begin PBXContainerItemProxy section */
		BDB509AC0D26C3CF003AB768 /* PBXContainerItemProxy */ = {
			isa = PBXContainerItemProxy;
			containerPortal = BDC85C140D2562F300BE8D80 /* Project object */;
			proxyType = 1;
			remoteGlobalIDString = BDB5099C0D26C0AD003AB768;
			remoteInfo = IBPP;
		};
/* End PBXContainerItemProxy section */

/* Begin PBXCopyFilesBuildPhase section */
		BDB509C10D26CC7A003AB768 /* Copy Files - Executables */ = {
			isa = PBXCopyFilesBuildPhase;
			buildActionMask = 2147483647;
			dstPath = "";
			dstSubfolderSpec = 6;
			files = (
				BDDE88700D2BF2AB00756213 /* firebird.conf in Copy Files - Executables */,
				BDB509C60D26CD2E003AB768 /* vvv.htb in Copy Files - Executables */,
				BDB509CF0D26CE59003AB768 /* VVV.fbk in Copy Files - Executables */,
				BDB509CE0D26CE4F003AB768 /* vvv-struct-update.fdb in Copy Files - Executables */,
			);
			name = "Copy Files - Executables";
			runOnlyForDeploymentPostprocessing = 0;
		};
		BDD085D80D5A230A001CFF1C /* Copy Files - Executables-firebird-bin-firebird */ = {
			isa = PBXCopyFilesBuildPhase;
			buildActionMask = 2147483647;
			dstPath = firebird/bin/firebird;
			dstSubfolderSpec = 6;
			files = (
				BDD085DD0D5A239A001CFF1C /* firebird.msg in Copy Files - Executables-firebird-bin-firebird */,
			);
			name = "Copy Files - Executables-firebird-bin-firebird";
			runOnlyForDeploymentPostprocessing = 0;
		};
		BDD09F220E32423700667327 /* Copy Files - Languages - it */ = {
			isa = PBXCopyFilesBuildPhase;
			buildActionMask = 2147483647;
			dstPath = languages/it;
			dstSubfolderSpec = 7;
			files = (
				BDCCA15B0F5409F70012CEC7 /* wxstd.mo in Copy Files - Languages - it */,
				BDD32A2E0F2B253000428344 /* vvv.mo in Copy Files - Languages - it */,
			);
			name = "Copy Files - Languages - it";
			runOnlyForDeploymentPostprocessing = 0;
		};
		BDD32A2F0F2B255A00428344 /* Copy Files - Languages - cz */ = {
			isa = PBXCopyFilesBuildPhase;
			buildActionMask = 2147483647;
			dstPath = languages/cz;
			dstSubfolderSpec = 7;
			files = (
				BDD32A310F2B25DF00428344 /* vvv.mo in Copy Files - Languages - cz */,
			);
			name = "Copy Files - Languages - cz";
			runOnlyForDeploymentPostprocessing = 0;
		};
		BDD32A360F2B264600428344 /* Copy Files - Languages - de */ = {
			isa = PBXCopyFilesBuildPhase;
			buildActionMask = 2147483647;
			dstPath = languages/de;
			dstSubfolderSpec = 7;
			files = (
				BDCCA1560F5409C50012CEC7 /* wxstd.mo in Copy Files - Languages - de */,
				BDD32A380F2B267A00428344 /* vvv.mo in Copy Files - Languages - de */,
			);
			name = "Copy Files - Languages - de";
			runOnlyForDeploymentPostprocessing = 0;
		};
		BDD32A450F2B269000428344 /* Copy Files - Languages - es */ = {
			isa = PBXCopyFilesBuildPhase;
			buildActionMask = 2147483647;
			dstPath = languages/es;
			dstSubfolderSpec = 7;
			files = (
				BDCCA1590F5409DD0012CEC7 /* wxstd.mo in Copy Files - Languages - es */,
				BDD32A470F2B26C100428344 /* vvv.mo in Copy Files - Languages - es */,
			);
			name = "Copy Files - Languages - es";
			runOnlyForDeploymentPostprocessing = 0;
		};
		BDD32A490F2B26D100428344 /* Copy Files - Languages - fr */ = {
			isa = PBXCopyFilesBuildPhase;
			buildActionMask = 2147483647;
			dstPath = languages/fr;
			dstSubfolderSpec = 7;
			files = (
				BDCCA15A0F5409EA0012CEC7 /* wxstd.mo in Copy Files - Languages - fr */,
				BDD32A4F0F2B274500428344 /* vvv.mo in Copy Files - Languages - fr */,
			);
			name = "Copy Files - Languages - fr";
			runOnlyForDeploymentPostprocessing = 0;
		};
		BDD32A510F2B275300428344 /* Copy Files - Languages - hr */ = {
			isa = PBXCopyFilesBuildPhase;
			buildActionMask = 2147483647;
			dstPath = languages/hr;
			dstSubfolderSpec = 7;
			files = (
				BDD32A530F2B279800428344 /* vvv.mo in Copy Files - Languages - hr */,
			);
			name = "Copy Files - Languages - hr";
			runOnlyForDeploymentPostprocessing = 0;
		};
		BDD32A550F2B27AA00428344 /* Copy Files - Languages - nl */ = {
			isa = PBXCopyFilesBuildPhase;
			buildActionMask = 2147483647;
			dstPath = languages/nl;
			dstSubfolderSpec = 7;
			files = (
				BDCCA15C0F540A050012CEC7 /* wxstd.mo in Copy Files - Languages - nl */,
				BDD32A580F2B27F100428344 /* vvv.mo in Copy Files - Languages - nl */,
			);
			name = "Copy Files - Languages - nl";
			runOnlyForDeploymentPostprocessing = 0;
		};
		BDD32A5A0F2B280100428344 /* Copy Files - Languages - pl */ = {
			isa = PBXCopyFilesBuildPhase;
			buildActionMask = 2147483647;
			dstPath = languages/pl;
			dstSubfolderSpec = 7;
			files = (
				BDCCA15D0F540A110012CEC7 /* wxstd.mo in Copy Files - Languages - pl */,
				BDD32A5D0F2B282A00428344 /* vvv.mo in Copy Files - Languages - pl */,
			);
			name = "Copy Files - Languages - pl";
			runOnlyForDeploymentPostprocessing = 0;
		};
		BDD32A5F0F2B285000428344 /* Copy Files - Languages - pt */ = {
			isa = PBXCopyFilesBuildPhase;
			buildActionMask = 2147483647;
			dstPath = languages/pt;
			dstSubfolderSpec = 7;
			files = (
				BDCCA15E0F540A1D0012CEC7 /* wxstd.mo in Copy Files - Languages - pt */,
				BDD32A610F2B287600428344 /* vvv.mo in Copy Files - Languages - pt */,
			);
			name = "Copy Files - Languages - pt";
			runOnlyForDeploymentPostprocessing = 0;
		};
		BDDE88710D2BF3C500756213 /* Copy Files - Executables-firebird */ = {
			isa = PBXCopyFilesBuildPhase;
			buildActionMask = 2147483647;
			dstPath = firebird;
			dstSubfolderSpec = 6;
			files = (
				BDDE88730D2BF40200756213 /* firebird.msg in Copy Files - Executables-firebird */,
				BDDE88740D2BF40200756213 /* libfbembed.dylib in Copy Files - Executables-firebird */,
				BDDE88760D2BF40200756213 /* libicudata.dylib in Copy Files - Executables-firebird */,
				BDDE88770D2BF40200756213 /* libicui18n.dylib in Copy Files - Executables-firebird */,
				BDDE88780D2BF40200756213 /* libicuuc.dylib in Copy Files - Executables-firebird */,
				BDDE88790D2BF40200756213 /* security2.fdb in Copy Files - Executables-firebird */,
			);
			name = "Copy Files - Executables-firebird";
			runOnlyForDeploymentPostprocessing = 0;
		};
		BDDE887A0D2BF47400756213 /* Copy Files - Executables-firebird-bin */ = {
			isa = PBXCopyFilesBuildPhase;
			buildActionMask = 2147483647;
			dstPath = firebird/bin;
			dstSubfolderSpec = 6;
			files = (
				BDDE887E0D2BF50700756213 /* fb_lock_mgr in Copy Files - Executables-firebird-bin */,
				BDDE887F0D2BF50700756213 /* gbak in Copy Files - Executables-firebird-bin */,
				BDDE88800D2BF50700756213 /* isql in Copy Files - Executables-firebird-bin */,
			);
			name = "Copy Files - Executables-firebird-bin";
			runOnlyForDeploymentPostprocessing = 0;
		};
		BDDE887C0D2BF4AD00756213 /* Copy Files - Executables-intl */ = {
			isa = PBXCopyFilesBuildPhase;
			buildActionMask = 2147483647;
			dstPath = firebird/intl;
			dstSubfolderSpec = 6;
			files = (
				BDDE88810D2BF53100756213 /* fbintl.conf in Copy Files - Executables-intl */,
				BDDE88820D2BF53100756213 /* fbintl.dylib in Copy Files - Executables-intl */,
			);
			name = "Copy Files - Executables-intl";
			runOnlyForDeploymentPostprocessing = 0;
		};
/* End PBXCopyFilesBuildPhase section */

/* Begin PBXFileReference section */
		BD38B43E0D2695D700A422F0 /* audio_metadata.h */ = {isa = PBXFileReference; fileEncoding = 30; lastKnownFileType = sourcecode.c.h; name = audio_metadata.h; path = src/audio_metadata.h; sourceTree = "<group>"; };
		BD38B43F0D2695D700A422F0 /* catalog_volume.h */ = {isa = PBXFileReference; fileEncoding = 30; lastKnownFileType = sourcecode.c.h; name = catalog_volume.h; path = src/catalog_volume.h; sourceTree = "<group>"; };
		BD38B4400D2695D700A422F0 /* choose_virtual_folder.h */ = {isa = PBXFileReference; fileEncoding = 30; lastKnownFileType = sourcecode.c.h; name = choose_virtual_folder.h; path = src/choose_virtual_folder.h; sourceTree = "<group>"; };
		BD38B4410D2695D700A422F0 /* long_task_beep.h */ = {isa = PBXFileReference; fileEncoding = 30; lastKnownFileType = sourcecode.c.h; name = long_task_beep.h; path = src/long_task_beep.h; sourceTree = "<group>"; };
		BD38B4420D2695D700A422F0 /* mainframe.h */ = {isa = PBXFileReference; fileEncoding = 30; lastKnownFileType = sourcecode.c.h; name = mainframe.h; path = src/mainframe.h; sourceTree = "<group>"; };
		BD38B4430D2695D700A422F0 /* mylistitemdata.h */ = {isa = PBXFileReference; fileEncoding = 30; lastKnownFileType = sourcecode.c.h; name = mylistitemdata.h; path = src/mylistitemdata.h; sourceTree = "<group>"; };
		BD38B4440D2695D700A422F0 /* mytreeitemdata.h */ = {isa = PBXFileReference; fileEncoding = 30; lastKnownFileType = sourcecode.c.h; name = mytreeitemdata.h; path = src/mytreeitemdata.h; sourceTree = "<group>"; };
		BD38B4450D2695D700A422F0 /* object_description.h */ = {isa = PBXFileReference; fileEncoding = 30; lastKnownFileType = sourcecode.c.h; name = object_description.h; path = src/object_description.h; sourceTree = "<group>"; };
		BD38B4460D2695D700A422F0 /* opencatalog.h */ = {isa = PBXFileReference; fileEncoding = 30; lastKnownFileType = sourcecode.c.h; name = opencatalog.h; path = src/opencatalog.h; sourceTree = "<group>"; };
		BD38B4470D2695D700A422F0 /* resource.h */ = {isa = PBXFileReference; fileEncoding = 30; lastKnownFileType = sourcecode.c.h; name = resource.h; path = src/resource.h; sourceTree = "<group>"; };
		BD38B4480D2695D700A422F0 /* settings.h */ = {isa = PBXFileReference; fileEncoding = 30; lastKnownFileType = sourcecode.c.h; name = settings.h; path = src/settings.h; sourceTree = "<group>"; };
		BD38B4490D2695D700A422F0 /* utils.h */ = {isa = PBXFileReference; fileEncoding = 30; lastKnownFileType = sourcecode.c.h; name = utils.h; path = src/utils.h; sourceTree = "<group>"; };
		BD38B44A0D2695D700A422F0 /* vvv.h */ = {isa = PBXFileReference; fileEncoding = 30; lastKnownFileType = sourcecode.c.h; name = vvv.h; path = src/vvv.h; sourceTree = "<group>"; };
		BD38B44B0D2695D700A422F0 /* window_position.h */ = {isa = PBXFileReference; fileEncoding = 30; lastKnownFileType = sourcecode.c.h; name = window_position.h; path = src/window_position.h; sourceTree = "<group>"; };
		BD38B4510D26965E00A422F0 /* base_db.cpp */ = {isa = PBXFileReference; fileEncoding = 30; lastKnownFileType = sourcecode.cpp.cpp; name = base_db.cpp; path = src/data_interface/base_db.cpp; sourceTree = "<group>"; };
		BD38B4520D26965E00A422F0 /* base_rec.cpp */ = {isa = PBXFileReference; fileEncoding = 30; lastKnownFileType = sourcecode.cpp.cpp; name = base_rec.cpp; path = src/data_interface/base_rec.cpp; sourceTree = "<group>"; };
		BD38B4530D26965E00A422F0 /* data_error.cpp */ = {isa = PBXFileReference; fileEncoding = 30; lastKnownFileType = sourcecode.cpp.cpp; name = data_error.cpp; path = src/data_interface/data_error.cpp; sourceTree = "<group>"; };
		BD38B4540D26965E00A422F0 /* fb_base_rec.cpp */ = {isa = PBXFileReference; fileEncoding = 30; lastKnownFileType = sourcecode.cpp.cpp; name = fb_base_rec.cpp; path = src/data_interface/fb_base_rec.cpp; sourceTree = "<group>"; };
		BD38B4550D26965E00A422F0 /* fb_files_audio_metadata.cpp */ = {isa = PBXFileReference; fileEncoding = 30; lastKnownFileType = sourcecode.cpp.cpp; name = fb_files_audio_metadata.cpp; path = src/data_interface/fb_files_audio_metadata.cpp; sourceTree = "<group>"; };
		BD38B4560D26965E00A422F0 /* fb_files.cpp */ = {isa = PBXFileReference; fileEncoding = 30; lastKnownFileType = sourcecode.cpp.cpp; name = fb_files.cpp; path = src/data_interface/fb_files.cpp; sourceTree = "<group>"; };
		BD38B4570D26965E00A422F0 /* fb_paths.cpp */ = {isa = PBXFileReference; fileEncoding = 30; lastKnownFileType = sourcecode.cpp.cpp; name = fb_paths.cpp; path = src/data_interface/fb_paths.cpp; sourceTree = "<group>"; };
		BD38B4580D26965E00A422F0 /* fb_virtual_files.cpp */ = {isa = PBXFileReference; fileEncoding = 30; lastKnownFileType = sourcecode.cpp.cpp; name = fb_virtual_files.cpp; path = src/data_interface/fb_virtual_files.cpp; sourceTree = "<group>"; };
		BD38B4590D26965E00A422F0 /* fb_virtual_paths.cpp */ = {isa = PBXFileReference; fileEncoding = 30; lastKnownFileType = sourcecode.cpp.cpp; name = fb_virtual_paths.cpp; path = src/data_interface/fb_virtual_paths.cpp; sourceTree = "<group>"; };
		BD38B45A0D26965E00A422F0 /* fb_volumes.cpp */ = {isa = PBXFileReference; fileEncoding = 30; lastKnownFileType = sourcecode.cpp.cpp; name = fb_volumes.cpp; path = src/data_interface/fb_volumes.cpp; sourceTree = "<group>"; };
		BD38B45B0D26965E00A422F0 /* files_audio_metadata.cpp */ = {isa = PBXFileReference; fileEncoding = 30; lastKnownFileType = sourcecode.cpp.cpp; name = files_audio_metadata.cpp; path = src/data_interface/files_audio_metadata.cpp; sourceTree = "<group>"; };
		BD38B45C0D26965E00A422F0 /* files.cpp */ = {isa = PBXFileReference; fileEncoding = 30; lastKnownFileType = sourcecode.cpp.cpp; name = files.cpp; path = src/data_interface/files.cpp; sourceTree = "<group>"; };
		BD38B45D0D26965E00A422F0 /* firebird_db.cpp */ = {isa = PBXFileReference; fileEncoding = 30; lastKnownFileType = sourcecode.cpp.cpp; name = firebird_db.cpp; path = src/data_interface/firebird_db.cpp; sourceTree = "<group>"; };
		BD38B45E0D26965E00A422F0 /* paths.cpp */ = {isa = PBXFileReference; fileEncoding = 30; lastKnownFileType = sourcecode.cpp.cpp; name = paths.cpp; path = src/data_interface/paths.cpp; sourceTree = "<group>"; };
		BD38B45F0D26965E00A422F0 /* virtual_files.cpp */ = {isa = PBXFileReference; fileEncoding = 30; lastKnownFileType = sourcecode.cpp.cpp; name = virtual_files.cpp; path = src/data_interface/virtual_files.cpp; sourceTree = "<group>"; };
		BD38B4600D26965E00A422F0 /* virtual_paths.cpp */ = {isa = PBXFileReference; fileEncoding = 30; lastKnownFileType = sourcecode.cpp.cpp; name = virtual_paths.cpp; path = src/data_interface/virtual_paths.cpp; sourceTree = "<group>"; };
		BD38B4610D26965E00A422F0 /* volumes.cpp */ = {isa = PBXFileReference; fileEncoding = 30; lastKnownFileType = sourcecode.cpp.cpp; name = volumes.cpp; path = src/data_interface/volumes.cpp; sourceTree = "<group>"; };
		BD38B49B0D2696EB00A422F0 /* base_db.h */ = {isa = PBXFileReference; fileEncoding = 30; lastKnownFileType = sourcecode.c.h; name = base_db.h; path = src/data_interface/base_db.h; sourceTree = "<group>"; };
		BD38B49C0D2696EB00A422F0 /* base_rec.h */ = {isa = PBXFileReference; fileEncoding = 30; lastKnownFileType = sourcecode.c.h; name = base_rec.h; path = src/data_interface/base_rec.h; sourceTree = "<group>"; };
		BD38B49D0D2696EB00A422F0 /* data_error.h */ = {isa = PBXFileReference; fileEncoding = 30; lastKnownFileType = sourcecode.c.h; name = data_error.h; path = src/data_interface/data_error.h; sourceTree = "<group>"; };
		BD38B49E0D2696EB00A422F0 /* db_null.h */ = {isa = PBXFileReference; fileEncoding = 30; lastKnownFileType = sourcecode.c.h; name = db_null.h; path = src/data_interface/db_null.h; sourceTree = "<group>"; };
		BD38B49F0D2696EB00A422F0 /* files_audio_metadata.h */ = {isa = PBXFileReference; fileEncoding = 30; lastKnownFileType = sourcecode.c.h; name = files_audio_metadata.h; path = src/data_interface/files_audio_metadata.h; sourceTree = "<group>"; };
		BD38B4A00D2696EB00A422F0 /* files.h */ = {isa = PBXFileReference; fileEncoding = 30; lastKnownFileType = sourcecode.c.h; name = files.h; path = src/data_interface/files.h; sourceTree = "<group>"; };
		BD38B4A10D2696EB00A422F0 /* firebird_db.h */ = {isa = PBXFileReference; fileEncoding = 30; lastKnownFileType = sourcecode.c.h; name = firebird_db.h; path = src/data_interface/firebird_db.h; sourceTree = "<group>"; };
		BD38B4A20D2696EB00A422F0 /* paths.h */ = {isa = PBXFileReference; fileEncoding = 30; lastKnownFileType = sourcecode.c.h; name = paths.h; path = src/data_interface/paths.h; sourceTree = "<group>"; };
		BD38B4A30D2696EB00A422F0 /* virtual_files.h */ = {isa = PBXFileReference; fileEncoding = 30; lastKnownFileType = sourcecode.c.h; name = virtual_files.h; path = src/data_interface/virtual_files.h; sourceTree = "<group>"; };
		BD38B4A40D2696EB00A422F0 /* virtual_paths.h */ = {isa = PBXFileReference; fileEncoding = 30; lastKnownFileType = sourcecode.c.h; name = virtual_paths.h; path = src/data_interface/virtual_paths.h; sourceTree = "<group>"; };
		BD38B4A50D2696EB00A422F0 /* volumes.h */ = {isa = PBXFileReference; fileEncoding = 30; lastKnownFileType = sourcecode.c.h; name = volumes.h; path = src/data_interface/volumes.h; sourceTree = "<group>"; };
		BD57AF820E1AC83C00B2B2EF /* restore.h */ = {isa = PBXFileReference; fileEncoding = 30; lastKnownFileType = sourcecode.c.h; name = restore.h; path = src/restore.h; sourceTree = "<group>"; };
		BD57AF840E1AC86E00B2B2EF /* convert_db_unicode.cpp */ = {isa = PBXFileReference; fileEncoding = 30; lastKnownFileType = sourcecode.cpp.cpp; name = convert_db_unicode.cpp; path = src/convert_db_unicode.cpp; sourceTree = "<group>"; };
		BD57AF850E1AC86E00B2B2EF /* restore.cpp */ = {isa = PBXFileReference; fileEncoding = 30; lastKnownFileType = sourcecode.cpp.cpp; name = restore.cpp; path = src/restore.cpp; sourceTree = "<group>"; };
		BDB5099D0D26C0AD003AB768 /* libIBPP.a */ = {isa = PBXFileReference; explicitFileType = archive.ar; includeInIndex = 0; path = libIBPP.a; sourceTree = BUILT_PRODUCTS_DIR; };
		BDB509A40D26C1FE003AB768 /* all_in_one.cpp */ = {isa = PBXFileReference; fileEncoding = 30; lastKnownFileType = sourcecode.cpp.cpp; name = all_in_one.cpp; path = src/ibpp/core/all_in_one.cpp; sourceTree = "<group>"; };
		BDB509C50D26CD12003AB768 /* vvv.htb */ = {isa = PBXFileReference; lastKnownFileType = file; name = vvv.htb; path = help/en/vvv.htb; sourceTree = "<group>"; };
		BDB509CA0D26CE27003AB768 /* vvv-struct-update.fdb */ = {isa = PBXFileReference; lastKnownFileType = file; path = "vvv-struct-update.fdb"; sourceTree = "<group>"; };
		BDB509CB0D26CE27003AB768 /* VVV.fbk */ = {isa = PBXFileReference; lastKnownFileType = file; path = VVV.fbk; sourceTree = "<group>"; };
		BDC65A2D0D268C4800FE4EAF /* audio_metadata.cpp */ = {isa = PBXFileReference; fileEncoding = 30; lastKnownFileType = sourcecode.cpp.cpp; name = audio_metadata.cpp; path = src/audio_metadata.cpp; sourceTree = "<group>"; };
		BDC65A2E0D268C4800FE4EAF /* catalog_volume.cpp */ = {isa = PBXFileReference; fileEncoding = 30; lastKnownFileType = sourcecode.cpp.cpp; name = catalog_volume.cpp; path = src/catalog_volume.cpp; sourceTree = "<group>"; };
		BDC65A2F0D268C4800FE4EAF /* choose_virtual_folder.cpp */ = {isa = PBXFileReference; fileEncoding = 30; lastKnownFileType = sourcecode.cpp.cpp; name = choose_virtual_folder.cpp; path = src/choose_virtual_folder.cpp; sourceTree = "<group>"; };
		BDC65A300D268C4800FE4EAF /* long_task_beep.cpp */ = {isa = PBXFileReference; fileEncoding = 30; lastKnownFileType = sourcecode.cpp.cpp; name = long_task_beep.cpp; path = src/long_task_beep.cpp; sourceTree = "<group>"; };
		BDC65A310D268C4800FE4EAF /* mainframe.cpp */ = {isa = PBXFileReference; fileEncoding = 30; lastKnownFileType = sourcecode.cpp.cpp; name = mainframe.cpp; path = src/mainframe.cpp; sourceTree = "<group>"; };
		BDC65A320D268C4800FE4EAF /* object_description.cpp */ = {isa = PBXFileReference; fileEncoding = 30; lastKnownFileType = sourcecode.cpp.cpp; name = object_description.cpp; path = src/object_description.cpp; sourceTree = "<group>"; };
		BDC65A330D268C4800FE4EAF /* opencatalog.cpp */ = {isa = PBXFileReference; fileEncoding = 30; lastKnownFileType = sourcecode.cpp.cpp; name = opencatalog.cpp; path = src/opencatalog.cpp; sourceTree = "<group>"; };
		BDC65A340D268C4800FE4EAF /* settings.cpp */ = {isa = PBXFileReference; fileEncoding = 30; lastKnownFileType = sourcecode.cpp.cpp; name = settings.cpp; path = src/settings.cpp; sourceTree = "<group>"; };
		BDC65A350D268C4800FE4EAF /* utils.cpp */ = {isa = PBXFileReference; fileEncoding = 30; lastKnownFileType = sourcecode.cpp.cpp; name = utils.cpp; path = src/utils.cpp; sourceTree = "<group>"; };
		BDC65A360D268C4800FE4EAF /* vvv.cpp */ = {isa = PBXFileReference; fileEncoding = 30; lastKnownFileType = sourcecode.cpp.cpp; name = vvv.cpp; path = src/vvv.cpp; sourceTree = "<group>"; };
		BDC65A370D268C4800FE4EAF /* window_position.cpp */ = {isa = PBXFileReference; fileEncoding = 30; lastKnownFileType = sourcecode.cpp.cpp; name = window_position.cpp; path = src/window_position.cpp; sourceTree = "<group>"; };
		BDC85C210D25630A00BE8D80 /* vvv.app */ = {isa = PBXFileReference; explicitFileType = wrapper.application; includeInIndex = 0; path = vvv.app; sourceTree = BUILT_PRODUCTS_DIR; };
		BDC85C240D25630B00BE8D80 /* vvv-Info.plist */ = {isa = PBXFileReference; lastKnownFileType = text.xml; path = "vvv-Info.plist"; sourceTree = "<group>"; };
		BDCCA1480F5408FD0012CEC7 /* wxstd.mo */ = {isa = PBXFileReference; lastKnownFileType = file; path = wxstd.mo; sourceTree = "<group>"; };
		BDCCA14A0F5409100012CEC7 /* wxstd.mo */ = {isa = PBXFileReference; lastKnownFileType = file; path = wxstd.mo; sourceTree = "<group>"; };
		BDCCA14C0F5409240012CEC7 /* wxstd.mo */ = {isa = PBXFileReference; lastKnownFileType = file; path = wxstd.mo; sourceTree = "<group>"; };
		BDCCA14E0F5409430012CEC7 /* wxstd.mo */ = {isa = PBXFileReference; lastKnownFileType = file; path = wxstd.mo; sourceTree = "<group>"; };
		BDCCA1500F5409590012CEC7 /* wxstd.mo */ = {isa = PBXFileReference; lastKnownFileType = file; path = wxstd.mo; sourceTree = "<group>"; };
		BDCCA1520F54096A0012CEC7 /* wxstd.mo */ = {isa = PBXFileReference; lastKnownFileType = file; path = wxstd.mo; sourceTree = "<group>"; };
		BDCCA1540F54097C0012CEC7 /* wxstd.mo */ = {isa = PBXFileReference; lastKnownFileType = file; path = wxstd.mo; sourceTree = "<group>"; };
		BDD0E7E90D2D585E00761368 /* vvv-document.icns */ = {isa = PBXFileReference; lastKnownFileType = image.icns; name = "vvv-document.icns"; path = "src/graphics/vvv-document.icns"; sourceTree = "<group>"; };
		BDD329F60F2B010100428344 /* catalog_volume_functions.cpp */ = {isa = PBXFileReference; fileEncoding = 30; lastKnownFileType = sourcecode.cpp.cpp; name = catalog_volume_functions.cpp; path = src/catalog_volume_functions.cpp; sourceTree = "<group>"; };
		BDD329F70F2B010100428344 /* update_volume.cpp */ = {isa = PBXFileReference; fileEncoding = 30; lastKnownFileType = sourcecode.cpp.cpp; name = update_volume.cpp; path = src/update_volume.cpp; sourceTree = "<group>"; };
		BDD329FA0F2B012700428344 /* catalog_volume_functions.h */ = {isa = PBXFileReference; fileEncoding = 30; lastKnownFileType = sourcecode.c.h; name = catalog_volume_functions.h; path = src/catalog_volume_functions.h; sourceTree = "<group>"; };
		BDD329FB0F2B012700428344 /* update_volume.h */ = {isa = PBXFileReference; fileEncoding = 30; lastKnownFileType = sourcecode.c.h; name = update_volume.h; path = src/update_volume.h; sourceTree = "<group>"; };
		BDD32A000F2B245200428344 /* vvv.mo */ = {isa = PBXFileReference; lastKnownFileType = file; path = vvv.mo; sourceTree = "<group>"; };
		BDD32A030F2B245200428344 /* vvv.mo */ = {isa = PBXFileReference; lastKnownFileType = file; path = vvv.mo; sourceTree = "<group>"; };
		BDD32A060F2B245200428344 /* vvv.mo */ = {isa = PBXFileReference; lastKnownFileType = file; path = vvv.mo; sourceTree = "<group>"; };
		BDD32A090F2B245200428344 /* vvv.mo */ = {isa = PBXFileReference; lastKnownFileType = file; path = vvv.mo; sourceTree = "<group>"; };
		BDD32A0C0F2B245200428344 /* vvv.mo */ = {isa = PBXFileReference; lastKnownFileType = file; path = vvv.mo; sourceTree = "<group>"; };
		BDD32A0F0F2B245200428344 /* vvv.mo */ = {isa = PBXFileReference; lastKnownFileType = file; path = vvv.mo; sourceTree = "<group>"; };
		BDD32A120F2B245200428344 /* vvv.mo */ = {isa = PBXFileReference; lastKnownFileType = file; path = vvv.mo; sourceTree = "<group>"; };
		BDD32A150F2B245200428344 /* vvv.mo */ = {isa = PBXFileReference; lastKnownFileType = file; path = vvv.mo; sourceTree = "<group>"; };
		BDD32A180F2B245200428344 /* vvv.mo */ = {isa = PBXFileReference; lastKnownFileType = file; path = vvv.mo; sourceTree = "<group>"; };
		BDD56C0C0D2AAE2100F874D3 /* vvv.icns */ = {isa = PBXFileReference; lastKnownFileType = image.icns; name = vvv.icns; path = src/graphics/vvv.icns; sourceTree = "<group>"; };
		BDDE88520D2BF0CC00756213 /* fb_lock_mgr */ = {isa = PBXFileReference; lastKnownFileType = "compiled.mach-o.executable"; path = fb_lock_mgr; sourceTree = "<group>"; };
		BDDE88530D2BF0CC00756213 /* gbak */ = {isa = PBXFileReference; lastKnownFileType = "compiled.mach-o.executable"; path = gbak; sourceTree = "<group>"; };
		BDDE88540D2BF0CC00756213 /* isql */ = {isa = PBXFileReference; lastKnownFileType = "compiled.mach-o.executable"; path = isql; sourceTree = "<group>"; };
		BDDE88550D2BF0CC00756213 /* firebird.msg */ = {isa = PBXFileReference; lastKnownFileType = file; path = firebird.msg; sourceTree = "<group>"; };
		BDDE88570D2BF0CC00756213 /* fbintl.conf */ = {isa = PBXFileReference; fileEncoding = 30; lastKnownFileType = text; path = fbintl.conf; sourceTree = "<group>"; };
		BDDE88580D2BF0CC00756213 /* fbintl.dylib */ = {isa = PBXFileReference; lastKnownFileType = "compiled.mach-o.bundle"; path = fbintl.dylib; sourceTree = "<group>"; };
		BDDE88590D2BF0CC00756213 /* libfbembed.dylib */ = {isa = PBXFileReference; lastKnownFileType = "compiled.mach-o.dylib"; path = libfbembed.dylib; sourceTree = "<group>"; };
		BDDE885B0D2BF0CC00756213 /* libicudata.dylib */ = {isa = PBXFileReference; lastKnownFileType = "compiled.mach-o.dylib"; path = libicudata.dylib; sourceTree = "<group>"; };
		BDDE885C0D2BF0CC00756213 /* libicui18n.dylib */ = {isa = PBXFileReference; lastKnownFileType = "compiled.mach-o.dylib"; path = libicui18n.dylib; sourceTree = "<group>"; };
		BDDE885D0D2BF0CC00756213 /* libicuuc.dylib */ = {isa = PBXFileReference; lastKnownFileType = "compiled.mach-o.dylib"; path = libicuuc.dylib; sourceTree = "<group>"; };
		BDDE885E0D2BF0CC00756213 /* security2.fdb */ = {isa = PBXFileReference; lastKnownFileType = file; path = security2.fdb; sourceTree = "<group>"; };
		BDDE885F0D2BF0CC00756213 /* firebird.conf */ = {isa = PBXFileReference; fileEncoding = 30; lastKnownFileType = text; name = firebird.conf; path = firebird_runtime/firebird.conf; sourceTree = "<group>"; };
		BDF7CAA20DF1A2E5005B0634 /* exportdata.cpp */ = {isa = PBXFileReference; fileEncoding = 30; lastKnownFileType = sourcecode.cpp.cpp; name = exportdata.cpp; path = src/exportdata.cpp; sourceTree = "<group>"; };
		BDF7CAA40DF1A30A005B0634 /* exportdata.h */ = {isa = PBXFileReference; fileEncoding = 30; lastKnownFileType = sourcecode.c.h; name = exportdata.h; path = src/exportdata.h; sourceTree = "<group>"; };
/* End PBXFileReference section */

/* Begin PBXFrameworksBuildPhase section */
		BDB5099B0D26C0AD003AB768 /* Frameworks */ = {
			isa = PBXFrameworksBuildPhase;
			buildActionMask = 2147483647;
			files = (
			);
			runOnlyForDeploymentPostprocessing = 0;
		};
		BDC85C1F0D25630A00BE8D80 /* Frameworks */ = {
			isa = PBXFrameworksBuildPhase;
			buildActionMask = 2147483647;
			files = (
				BDB509AF0D26C4EC003AB768 /* libIBPP.a in Frameworks */,
				BDE673290D2CF2580095991E /* libfbembed.dylib in Frameworks */,
				BDC7ED000D2C0C62005642FE /* libicudata.dylib in Frameworks */,
				BDC7ED010D2C0C63005642FE /* libicui18n.dylib in Frameworks */,
				BDE673480D2CFE5D0095991E /* libicuuc.dylib in Frameworks */,
			);
			runOnlyForDeploymentPostprocessing = 0;
		};
/* End PBXFrameworksBuildPhase section */

/* Begin PBXGroup section */
		BD38B43C0D2694D800A422F0 /* Sources */ = {
			isa = PBXGroup;
			children = (
				BDD329F60F2B010100428344 /* catalog_volume_functions.cpp */,
				BDD329F70F2B010100428344 /* update_volume.cpp */,
				BDD9F3510D2933CA007CF3A0 /* IBPP */,
				BD38B44D0D2695FE00A422F0 /* Data interface */,
				BDC65A2D0D268C4800FE4EAF /* audio_metadata.cpp */,
				BDC65A2E0D268C4800FE4EAF /* catalog_volume.cpp */,
				BDC65A2F0D268C4800FE4EAF /* choose_virtual_folder.cpp */,
				BD57AF840E1AC86E00B2B2EF /* convert_db_unicode.cpp */,
				BDF7CAA20DF1A2E5005B0634 /* exportdata.cpp */,
				BDC65A300D268C4800FE4EAF /* long_task_beep.cpp */,
				BDC65A310D268C4800FE4EAF /* mainframe.cpp */,
				BDC65A320D268C4800FE4EAF /* object_description.cpp */,
				BDC65A330D268C4800FE4EAF /* opencatalog.cpp */,
				BD57AF850E1AC86E00B2B2EF /* restore.cpp */,
				BDC65A340D268C4800FE4EAF /* settings.cpp */,
				BDC65A350D268C4800FE4EAF /* utils.cpp */,
				BDC65A360D268C4800FE4EAF /* vvv.cpp */,
				BDC65A370D268C4800FE4EAF /* window_position.cpp */,
			);
			name = Sources;
			sourceTree = "<group>";
		};
		BD38B43D0D26959400A422F0 /* Headers */ = {
			isa = PBXGroup;
			children = (
				BDD329FA0F2B012700428344 /* catalog_volume_functions.h */,
				BDD329FB0F2B012700428344 /* update_volume.h */,
				BD38B4990D2696A900A422F0 /* Data interface */,
				BD38B43E0D2695D700A422F0 /* audio_metadata.h */,
				BD38B43F0D2695D700A422F0 /* catalog_volume.h */,
				BD38B4400D2695D700A422F0 /* choose_virtual_folder.h */,
				BDF7CAA40DF1A30A005B0634 /* exportdata.h */,
				BD38B4410D2695D700A422F0 /* long_task_beep.h */,
				BD38B4420D2695D700A422F0 /* mainframe.h */,
				BD38B4430D2695D700A422F0 /* mylistitemdata.h */,
				BD38B4440D2695D700A422F0 /* mytreeitemdata.h */,
				BD38B4450D2695D700A422F0 /* object_description.h */,
				BD38B4460D2695D700A422F0 /* opencatalog.h */,
				BD38B4470D2695D700A422F0 /* resource.h */,
				BD57AF820E1AC83C00B2B2EF /* restore.h */,
				BD38B4480D2695D700A422F0 /* settings.h */,
				BD38B4490D2695D700A422F0 /* utils.h */,
				BD38B44A0D2695D700A422F0 /* vvv.h */,
				BD38B44B0D2695D700A422F0 /* window_position.h */,
			);
			name = Headers;
			sourceTree = "<group>";
		};
		BD38B44D0D2695FE00A422F0 /* Data interface */ = {
			isa = PBXGroup;
			children = (
				BD38B4510D26965E00A422F0 /* base_db.cpp */,
				BD38B4520D26965E00A422F0 /* base_rec.cpp */,
				BD38B4530D26965E00A422F0 /* data_error.cpp */,
				BD38B4540D26965E00A422F0 /* fb_base_rec.cpp */,
				BD38B4550D26965E00A422F0 /* fb_files_audio_metadata.cpp */,
				BD38B4560D26965E00A422F0 /* fb_files.cpp */,
				BD38B4570D26965E00A422F0 /* fb_paths.cpp */,
				BD38B4580D26965E00A422F0 /* fb_virtual_files.cpp */,
				BD38B4590D26965E00A422F0 /* fb_virtual_paths.cpp */,
				BD38B45A0D26965E00A422F0 /* fb_volumes.cpp */,
				BD38B45B0D26965E00A422F0 /* files_audio_metadata.cpp */,
				BD38B45C0D26965E00A422F0 /* files.cpp */,
				BD38B45D0D26965E00A422F0 /* firebird_db.cpp */,
				BD38B45E0D26965E00A422F0 /* paths.cpp */,
				BD38B45F0D26965E00A422F0 /* virtual_files.cpp */,
				BD38B4600D26965E00A422F0 /* virtual_paths.cpp */,
				BD38B4610D26965E00A422F0 /* volumes.cpp */,
			);
			name = "Data interface";
			sourceTree = "<group>";
		};
		BD38B4990D2696A900A422F0 /* Data interface */ = {
			isa = PBXGroup;
			children = (
				BD38B49B0D2696EB00A422F0 /* base_db.h */,
				BD38B49C0D2696EB00A422F0 /* base_rec.h */,
				BD38B49D0D2696EB00A422F0 /* data_error.h */,
				BD38B49E0D2696EB00A422F0 /* db_null.h */,
				BD38B49F0D2696EB00A422F0 /* files_audio_metadata.h */,
				BD38B4A00D2696EB00A422F0 /* files.h */,
				BD38B4A10D2696EB00A422F0 /* firebird_db.h */,
				BD38B4A20D2696EB00A422F0 /* paths.h */,
				BD38B4A30D2696EB00A422F0 /* virtual_files.h */,
				BD38B4A40D2696EB00A422F0 /* virtual_paths.h */,
				BD38B4A50D2696EB00A422F0 /* volumes.h */,
			);
			name = "Data interface";
			sourceTree = "<group>";
		};
		BDC85C120D2562F300BE8D80 = {
			isa = PBXGroup;
			children = (
				BDD09F450E32435700667327 /* Translations */,
				BDD0E7EB0D2D586C00761368 /* Icons */,
				BDDE884F0D2BF09200756213 /* Firebird runtime */,
				BDD9F3500D29339E007CF3A0 /* Other files */,
				BD38B43D0D26959400A422F0 /* Headers */,
				BD38B43C0D2694D800A422F0 /* Sources */,
				BDC85C220D25630A00BE8D80 /* Products */,
				BDC85C240D25630B00BE8D80 /* vvv-Info.plist */,
			);
			sourceTree = "<group>";
		};
		BDC85C220D25630A00BE8D80 /* Products */ = {
			isa = PBXGroup;
			children = (
				BDC85C210D25630A00BE8D80 /* vvv.app */,
				BDB5099D0D26C0AD003AB768 /* libIBPP.a */,
			);
			name = Products;
			sourceTree = "<group>";
		};
		BDD09F450E32435700667327 /* Translations */ = {
			isa = PBXGroup;
			children = (
				BDD329FF0F2B245200428344 /* cz */,
				BDD32A020F2B245200428344 /* de */,
				BDD32A050F2B245200428344 /* es */,
				BDD32A080F2B245200428344 /* fr */,
				BDD32A0B0F2B245200428344 /* hr */,
				BDD32A0E0F2B245200428344 /* it */,
				BDD32A110F2B245200428344 /* nl */,
				BDD32A140F2B245200428344 /* pl */,
				BDD32A170F2B245200428344 /* pt */,
			);
			name = Translations;
			sourceTree = "<group>";
		};
		BDD0E7EB0D2D586C00761368 /* Icons */ = {
			isa = PBXGroup;
			children = (
				BDD56C0C0D2AAE2100F874D3 /* vvv.icns */,
				BDD0E7E90D2D585E00761368 /* vvv-document.icns */,
			);
			name = Icons;
			sourceTree = "<group>";
		};
		BDD329FF0F2B245200428344 /* cz */ = {
			isa = PBXGroup;
			children = (
				BDD32A000F2B245200428344 /* vvv.mo */,
			);
			name = cz;
			path = translations/cz;
			sourceTree = "<group>";
		};
		BDD32A020F2B245200428344 /* de */ = {
			isa = PBXGroup;
			children = (
				BDCCA1480F5408FD0012CEC7 /* wxstd.mo */,
				BDD32A030F2B245200428344 /* vvv.mo */,
			);
			name = de;
			path = translations/de;
			sourceTree = "<group>";
		};
		BDD32A050F2B245200428344 /* es */ = {
			isa = PBXGroup;
			children = (
				BDCCA14A0F5409100012CEC7 /* wxstd.mo */,
				BDD32A060F2B245200428344 /* vvv.mo */,
			);
			name = es;
			path = translations/es;
			sourceTree = "<group>";
		};
		BDD32A080F2B245200428344 /* fr */ = {
			isa = PBXGroup;
			children = (
				BDCCA14C0F5409240012CEC7 /* wxstd.mo */,
				BDD32A090F2B245200428344 /* vvv.mo */,
			);
			name = fr;
			path = translations/fr;
			sourceTree = "<group>";
		};
		BDD32A0B0F2B245200428344 /* hr */ = {
			isa = PBXGroup;
			children = (
				BDD32A0C0F2B245200428344 /* vvv.mo */,
			);
			name = hr;
			path = translations/hr;
			sourceTree = "<group>";
		};
		BDD32A0E0F2B245200428344 /* it */ = {
			isa = PBXGroup;
			children = (
				BDCCA14E0F5409430012CEC7 /* wxstd.mo */,
				BDD32A0F0F2B245200428344 /* vvv.mo */,
			);
			name = it;
			path = translations/it;
			sourceTree = "<group>";
		};
		BDD32A110F2B245200428344 /* nl */ = {
			isa = PBXGroup;
			children = (
				BDCCA1500F5409590012CEC7 /* wxstd.mo */,
				BDD32A120F2B245200428344 /* vvv.mo */,
			);
			name = nl;
			path = translations/nl;
			sourceTree = "<group>";
		};
		BDD32A140F2B245200428344 /* pl */ = {
			isa = PBXGroup;
			children = (
				BDCCA1520F54096A0012CEC7 /* wxstd.mo */,
				BDD32A150F2B245200428344 /* vvv.mo */,
			);
			name = pl;
			path = translations/pl;
			sourceTree = "<group>";
		};
		BDD32A170F2B245200428344 /* pt */ = {
			isa = PBXGroup;
			children = (
				BDCCA1540F54097C0012CEC7 /* wxstd.mo */,
				BDD32A180F2B245200428344 /* vvv.mo */,
			);
			name = pt;
			path = translations/pt;
			sourceTree = "<group>";
		};
		BDD9F3500D29339E007CF3A0 /* Other files */ = {
			isa = PBXGroup;
			children = (
				BDB509CB0D26CE27003AB768 /* VVV.fbk */,
				BDB509C50D26CD12003AB768 /* vvv.htb */,
				BDB509CA0D26CE27003AB768 /* vvv-struct-update.fdb */,
			);
			name = "Other files";
			sourceTree = "<group>";
		};
		BDD9F3510D2933CA007CF3A0 /* IBPP */ = {
			isa = PBXGroup;
			children = (
				BDB509A40D26C1FE003AB768 /* all_in_one.cpp */,
			);
			name = IBPP;
			sourceTree = "<group>";
		};
		BDDE884F0D2BF09200756213 /* Firebird runtime */ = {
			isa = PBXGroup;
			children = (
				BDDE88500D2BF0CC00756213 /* firebird */,
				BDDE885F0D2BF0CC00756213 /* firebird.conf */,
			);
			name = "Firebird runtime";
			sourceTree = "<group>";
		};
		BDDE88500D2BF0CC00756213 /* firebird */ = {
			isa = PBXGroup;
			children = (
				BDDE88510D2BF0CC00756213 /* bin */,
				BDDE88550D2BF0CC00756213 /* firebird.msg */,
				BDDE88560D2BF0CC00756213 /* intl */,
				BDDE88590D2BF0CC00756213 /* libfbembed.dylib */,
				BDDE885B0D2BF0CC00756213 /* libicudata.dylib */,
				BDDE885C0D2BF0CC00756213 /* libicui18n.dylib */,
				BDDE885D0D2BF0CC00756213 /* libicuuc.dylib */,
				BDDE885E0D2BF0CC00756213 /* security2.fdb */,
			);
			name = firebird;
			path = firebird_runtime/firebird;
			sourceTree = "<group>";
		};
		BDDE88510D2BF0CC00756213 /* bin */ = {
			isa = PBXGroup;
			children = (
				BDDE88520D2BF0CC00756213 /* fb_lock_mgr */,
				BDDE88530D2BF0CC00756213 /* gbak */,
				BDDE88540D2BF0CC00756213 /* isql */,
			);
			path = bin;
			sourceTree = "<group>";
		};
		BDDE88560D2BF0CC00756213 /* intl */ = {
			isa = PBXGroup;
			children = (
				BDDE88570D2BF0CC00756213 /* fbintl.conf */,
				BDDE88580D2BF0CC00756213 /* fbintl.dylib */,
			);
			path = intl;
			sourceTree = "<group>";
		};
/* End PBXGroup section */

/* Begin PBXHeadersBuildPhase section */
		BDB509990D26C0AD003AB768 /* Headers */ = {
			isa = PBXHeadersBuildPhase;
			buildActionMask = 2147483647;
			files = (
			);
			runOnlyForDeploymentPostprocessing = 0;
		};
/* End PBXHeadersBuildPhase section */

/* Begin PBXNativeTarget section */
		BDB5099C0D26C0AD003AB768 /* IBPP */ = {
			isa = PBXNativeTarget;
			buildConfigurationList = BDB5099E0D26C0CE003AB768 /* Build configuration list for PBXNativeTarget "IBPP" */;
			buildPhases = (
				BDB509990D26C0AD003AB768 /* Headers */,
				BDB5099A0D26C0AD003AB768 /* Sources */,
				BDB5099B0D26C0AD003AB768 /* Frameworks */,
			);
			buildRules = (
			);
			dependencies = (
			);
			name = IBPP;
			productName = IBPP;
			productReference = BDB5099D0D26C0AD003AB768 /* libIBPP.a */;
			productType = "com.apple.product-type.library.static";
		};
		BDC85C200D25630A00BE8D80 /* vvv */ = {
			isa = PBXNativeTarget;
			buildConfigurationList = BDC85C250D25630D00BE8D80 /* Build configuration list for PBXNativeTarget "vvv" */;
			buildPhases = (
				BDC85C1D0D25630A00BE8D80 /* Resources */,
				BDC85C1E0D25630A00BE8D80 /* Sources */,
				BDC85C1F0D25630A00BE8D80 /* Frameworks */,
				BDD32A2F0F2B255A00428344 /* Copy Files - Languages - cz */,
				BDD32A360F2B264600428344 /* Copy Files - Languages - de */,
				BDD32A450F2B269000428344 /* Copy Files - Languages - es */,
				BDD32A490F2B26D100428344 /* Copy Files - Languages - fr */,
				BDD32A510F2B275300428344 /* Copy Files - Languages - hr */,
				BDD09F220E32423700667327 /* Copy Files - Languages - it */,
				BDD32A550F2B27AA00428344 /* Copy Files - Languages - nl */,
				BDD32A5A0F2B280100428344 /* Copy Files - Languages - pl */,
				BDD32A5F0F2B285000428344 /* Copy Files - Languages - pt */,
				BDB509C10D26CC7A003AB768 /* Copy Files - Executables */,
				BDDE88710D2BF3C500756213 /* Copy Files - Executables-firebird */,
				BDDE887A0D2BF47400756213 /* Copy Files - Executables-firebird-bin */,
				BDDE887C0D2BF4AD00756213 /* Copy Files - Executables-intl */,
				BDD085D80D5A230A001CFF1C /* Copy Files - Executables-firebird-bin-firebird */,
				BDE6731C0D2CEC2F0095991E /* ShellScript */,
			);
			buildRules = (
			);
			dependencies = (
				BDB509AD0D26C3CF003AB768 /* PBXTargetDependency */,
			);
			name = vvv;
			productName = vvv;
			productReference = BDC85C210D25630A00BE8D80 /* vvv.app */;
			productType = "com.apple.product-type.application";
		};
/* End PBXNativeTarget section */

/* Begin PBXProject section */
		BDC85C140D2562F300BE8D80 /* Project object */ = {
			isa = PBXProject;
			buildConfigurationList = BDC85C150D2562F300BE8D80 /* Build configuration list for PBXProject "vvv" */;
			hasScannedForEncodings = 0;
			mainGroup = BDC85C120D2562F300BE8D80;
			productRefGroup = BDC85C220D25630A00BE8D80 /* Products */;
			projectDirPath = "";
			targets = (
				BDC85C200D25630A00BE8D80 /* vvv */,
				BDB5099C0D26C0AD003AB768 /* IBPP */,
			);
		};
/* End PBXProject section */

/* Begin PBXResourcesBuildPhase section */
		BDC85C1D0D25630A00BE8D80 /* Resources */ = {
			isa = PBXResourcesBuildPhase;
			buildActionMask = 2147483647;
			files = (
				BDD56C0D0D2AAE2200F874D3 /* vvv.icns in Resources */,
				BDD0E7EA0D2D585E00761368 /* vvv-document.icns in Resources */,
			);
			runOnlyForDeploymentPostprocessing = 0;
		};
/* End PBXResourcesBuildPhase section */

/* Begin PBXShellScriptBuildPhase section */
		BDE6731C0D2CEC2F0095991E /* ShellScript */ = {
			isa = PBXShellScriptBuildPhase;
			buildActionMask = 2147483647;
			files = (
			);
			inputPaths = (
			);
			outputPaths = (
			);
			runOnlyForDeploymentPostprocessing = 0;
			shellPath = /bin/sh;
			shellScript = "#!/bin/bash\nEXECFILE=${BUILT_PRODUCTS_DIR}/${EXECUTABLE_PATH}\nLIBPATH=${BUILT_PRODUCTS_DIR}/${EXECUTABLE_FOLDER_PATH}/firebird\nLIBBINPATH=${BUILT_PRODUCTS_DIR}/${EXECUTABLE_FOLDER_PATH}/firebird/bin\n# path of library files relative to the main executable\nNEWLIBPATH=\"@executable_path/firebird\"\n# path of library files relative to other library files\nNEWLIBPATH_FOR_LIBS=\"@loader_path\"\n# path of library files relative to executables in the \"firebird/bin\" folder\nNEWLIBPATH_FROM_BIN=\"@loader_path/..\"\nOLDLIBPATH=\"/Library/Frameworks/Firebird.framework/Versions/A/Libraries\"\nOLDLIBFBEMBEDFILENAME=\"/Library/Frameworks/Firebird.framework/Versions/A/Firebird\"\n\n# change the references in the files contained in the \"firebird\" folder\nfor TARGET in libfbembed.dylib libicudata.dylib libicui18n.dylib libicuuc.dylib ; do\n  LIBFILE=${LIBPATH}/${TARGET}\n  OLDTARGETID=${OLDLIBPATH}/${TARGET}\n  NEWTARGETID=${NEWLIBPATH}/${TARGET}\n  NEWTARGETID_FOR_LIBS=${NEWLIBPATH_FOR_LIBS}/${TARGET}\n  install_name_tool -id ${NEWTARGETID_FOR_LIBS} ${LIBFILE}\n  install_name_tool -change ${OLDTARGETID} ${NEWTARGETID} ${EXECFILE}\n  for POSSIBLECALLERNAME in libfbembed.dylib libicudata.dylib libicui18n.dylib libicuuc.dylib ; do\n    POSSIBLECALLERFILE=${LIBPATH}/${POSSIBLECALLERNAME}\n    install_name_tool -change ${OLDTARGETID} ${NEWTARGETID_FOR_LIBS} ${POSSIBLECALLERFILE}\n  done\ndone\n\n# change the references in the files contained in the \"firebird/bin\" folder\nfor TARGET in gbak isql ; do\n  FILE=${LIBBINPATH}/${TARGET}\n  for POSSIBLECALLEDNAME in libfbembed.dylib libicudata.dylib libicui18n.dylib libicuuc.dylib ; do\n    OLDTARGETID=${OLDLIBPATH}/${POSSIBLECALLEDNAME}\n    NEWTARGETID=${NEWLIBPATH_FROM_BIN}/${POSSIBLECALLEDNAME}\n    install_name_tool -change ${OLDTARGETID} ${NEWTARGETID} ${FILE}\n  done\n  # change the reference to libfbembed into the program, that contains a reference to a different name (the framework name)\n  NEWTARGETID=${NEWLIBPATH_FROM_BIN}/libfbembed.dylib\n  install_name_tool -change ${OLDLIBFBEMBEDFILENAME} ${NEWTARGETID} ${FILE}\ndone\n\n\n# change the reference to libfbembed into the caller program, that contains a reference to a different name (the framework name)\nNEWTARGETID=${NEWLIBPATH}/libfbembed.dylib\ninstall_name_tool -change ${OLDLIBFBEMBEDFILENAME} ${NEWTARGETID} ${EXECFILE}\n";
		};
/* End PBXShellScriptBuildPhase section */

/* Begin PBXSourcesBuildPhase section */
		BDB5099A0D26C0AD003AB768 /* Sources */ = {
			isa = PBXSourcesBuildPhase;
			buildActionMask = 2147483647;
			files = (
				BDB509A50D26C1FE003AB768 /* all_in_one.cpp in Sources */,
			);
			runOnlyForDeploymentPostprocessing = 0;
		};
		BDC85C1E0D25630A00BE8D80 /* Sources */ = {
			isa = PBXSourcesBuildPhase;
			buildActionMask = 2147483647;
			files = (
				BDC65A390D268C4800FE4EAF /* audio_metadata.cpp in Sources */,
				BDC65A3A0D268C4800FE4EAF /* catalog_volume.cpp in Sources */,
				BDC65A3B0D268C4800FE4EAF /* choose_virtual_folder.cpp in Sources */,
				BDC65A3C0D268C4800FE4EAF /* long_task_beep.cpp in Sources */,
				BDC65A3D0D268C4800FE4EAF /* mainframe.cpp in Sources */,
				BDC65A3E0D268C4800FE4EAF /* object_description.cpp in Sources */,
				BDC65A3F0D268C4800FE4EAF /* opencatalog.cpp in Sources */,
				BDC65A400D268C4800FE4EAF /* settings.cpp in Sources */,
				BDC65A410D268C4800FE4EAF /* utils.cpp in Sources */,
				BDC65A420D268C4800FE4EAF /* vvv.cpp in Sources */,
				BDC65A430D268C4800FE4EAF /* window_position.cpp in Sources */,
				BD38B4620D26965E00A422F0 /* base_db.cpp in Sources */,
				BD38B4630D26965E00A422F0 /* base_rec.cpp in Sources */,
				BD38B4640D26965E00A422F0 /* data_error.cpp in Sources */,
				BD38B4650D26965E00A422F0 /* fb_base_rec.cpp in Sources */,
				BD38B4660D26965E00A422F0 /* fb_files_audio_metadata.cpp in Sources */,
				BD38B4670D26965E00A422F0 /* fb_files.cpp in Sources */,
				BD38B4680D26965E00A422F0 /* fb_paths.cpp in Sources */,
				BD38B4690D26965E00A422F0 /* fb_virtual_files.cpp in Sources */,
				BD38B46A0D26965E00A422F0 /* fb_virtual_paths.cpp in Sources */,
				BD38B46B0D26965E00A422F0 /* fb_volumes.cpp in Sources */,
				BD38B46C0D26965E00A422F0 /* files_audio_metadata.cpp in Sources */,
				BD38B46D0D26965E00A422F0 /* files.cpp in Sources */,
				BD38B46E0D26965E00A422F0 /* firebird_db.cpp in Sources */,
				BD38B46F0D26965E00A422F0 /* paths.cpp in Sources */,
				BD38B4700D26965E00A422F0 /* virtual_files.cpp in Sources */,
				BD38B4710D26965E00A422F0 /* virtual_paths.cpp in Sources */,
				BD38B4720D26965E00A422F0 /* volumes.cpp in Sources */,
				BDF7CAA30DF1A2E5005B0634 /* exportdata.cpp in Sources */,
				BD57AF860E1AC86E00B2B2EF /* convert_db_unicode.cpp in Sources */,
				BD57AF870E1AC86E00B2B2EF /* restore.cpp in Sources */,
				BDD329F80F2B010100428344 /* catalog_volume_functions.cpp in Sources */,
				BDD329F90F2B010100428344 /* update_volume.cpp in Sources */,
			);
			runOnlyForDeploymentPostprocessing = 0;
		};
/* End PBXSourcesBuildPhase section */

/* Begin PBXTargetDependency section */
		BDB509AD0D26C3CF003AB768 /* PBXTargetDependency */ = {
			isa = PBXTargetDependency;
			target = BDB5099C0D26C0AD003AB768 /* IBPP */;
			targetProxy = BDB509AC0D26C3CF003AB768 /* PBXContainerItemProxy */;
		};
/* End PBXTargetDependency section */

/* Begin XCBuildConfiguration section */
		BDB5099F0D26C0CE003AB768 /* Debug */ = {
			isa = XCBuildConfiguration;
			buildSettings = {
				COPY_PHASE_STRIP = NO;
				GCC_DYNAMIC_NO_PIC = NO;
				GCC_ENABLE_FIX_AND_CONTINUE = YES;
				GCC_GENERATE_DEBUGGING_SYMBOLS = YES;
				GCC_MODEL_TUNING = G5;
				GCC_OPTIMIZATION_LEVEL = 0;
				INSTALL_PATH = /usr/local/lib;
				OTHER_LDFLAGS = "";
				PREBINDING = NO;
				PRODUCT_NAME = IBPP;
				ZERO_LINK = YES;
			};
			name = Debug;
		};
		BDB509A00D26C0CE003AB768 /* Release */ = {
			isa = XCBuildConfiguration;
			buildSettings = {
				COPY_PHASE_STRIP = YES;
				GCC_ENABLE_FIX_AND_CONTINUE = NO;
				GCC_GENERATE_DEBUGGING_SYMBOLS = NO;
				GCC_MODEL_TUNING = G5;
				INSTALL_PATH = /usr/local/lib;
				OTHER_LDFLAGS = "";
				PREBINDING = NO;
				PRODUCT_NAME = IBPP;
				ZERO_LINK = NO;
			};
			name = Release;
		};
		BDC85C160D2562F300BE8D80 /* Debug */ = {
			isa = XCBuildConfiguration;
			buildSettings = {
				COPY_PHASE_STRIP = NO;
				GCC_USE_GCC3_PFE_SUPPORT = YES;
				OTHER_CPLUSPLUSFLAGS = (
					"-I$(WXDIR)/build-debug/lib/wx/include/mac-ansi-debug-static-2.8",
					"-I$(WXDIR)/include",
					"-I$(WXDIR)/contrib/include",
					"-D_FILE_OFFSET_BITS=64",
					"-D_LARGE_FILES",
					"-D__WXDEBUG__",
					"-D__WXMAC__",
					"-I/Volumes/Disco2/id3lib-3.8.3/include",
					"-DIBPP_DARWIN",
				);
				OTHER_LDFLAGS = (
					"-L$(WXDIR)/build-debug/lib",
					"-framework",
					IOKit,
					"-framework",
					Carbon,
					"-framework",
					Cocoa,
					"-framework",
					System,
					"-framework",
					QuickTime,
					"$(WXDIR)/build-debug/lib/libwx_macd-2.8.a",
					"-framework",
					WebKit,
					"-lwxexpatd-2.8",
					"-lwxtiffd-2.8",
					"-lwxjpegd-2.8",
					"-lwxpngd-2.8",
					"-lz",
					"-lpthread",
					"-liconv",
					"/Volumes/Disco2/id3lib-3.8.3/lib/libid3.a",
				);
				ZERO_LINK = NO;
			};
			name = Debug;
		};
		BDC85C170D2562F300BE8D80 /* Release */ = {
			isa = XCBuildConfiguration;
			buildSettings = {
				COPY_PHASE_STRIP = YES;
				OTHER_CPLUSPLUSFLAGS = (
					"-I$(WXDIR)/build-release-unicode/lib/wx/include/mac-unicode-release-static-2.8",
					"-I/$(WXDIR)/include",
					"-I$(WXDIR)/contrib/include",
					"-D_FILE_OFFSET_BITS=64",
					"-D_LARGE_FILES",
					"-D__WXMAC__",
					"-I/Volumes/Disco2/id3lib-3.8.3/include",
					"-DIBPP_DARWIN",
				);
				OTHER_LDFLAGS = (
					"-L$(WXDIR)/build-release-unicode/lib",
					"-L/Volumes/Disco2/vvv/firebird_runtime",
					"-framework",
					IOKit,
					"-framework",
					Carbon,
					"-framework",
					Cocoa,
					"-framework",
					System,
					"-framework",
					QuickTime,
					"$(WXDIR)/build-release-unicode/lib/libwx_macu_richtext-2.8.a",
					"$(WXDIR)/build-release-unicode/lib/libwx_macu_aui-2.8.a",
					"$(WXDIR)/build-release-unicode/lib/libwx_macu_xrc-2.8.a",
					"$(WXDIR)/build-release-unicode/lib/libwx_macu_qa-2.8.a",
					"$(WXDIR)/build-release-unicode/lib/libwx_macu_html-2.8.a",
					"$(WXDIR)/build-release-unicode/lib/libwx_macu_adv-2.8.a",
					"$(WXDIR)/build-release-unicode/lib/libwx_macu_core-2.8.a",
					"$(WXDIR)/build-release-unicode/lib/libwx_base_carbonu_xml-2.8.a",
					"$(WXDIR)/build-release-unicode/lib/libwx_base_carbonu_net-2.8.a",
					"$(WXDIR)/build-release-unicode/lib/libwx_base_carbonu-2.8.a",
					"-framework",
					WebKit,
					"-lwxregexu-2.8",
					"-lwxexpat-2.8",
					"-lwxtiff-2.8",
					"-lwxjpeg-2.8",
					"-lwxpng-2.8",
					"-lwxzlib-2.8",
					"-lpthread",
					"-liconv",
					"/Volumes/Disco2/id3lib-3.8.3/lib/libid3.a",
				);
			};
			name = Release;
		};
		BDC85C260D25630D00BE8D80 /* Debug */ = {
			isa = XCBuildConfiguration;
			buildSettings = {
				COPY_PHASE_STRIP = NO;
				GCC_DYNAMIC_NO_PIC = NO;
				GCC_ENABLE_FIX_AND_CONTINUE = YES;
				GCC_GENERATE_DEBUGGING_SYMBOLS = YES;
				GCC_MODEL_TUNING = G5;
				GCC_OPTIMIZATION_LEVEL = 0;
				GCC_PRECOMPILE_PREFIX_HEADER = YES;
				GCC_PREFIX_HEADER = "$(SYSTEM_LIBRARY_DIR)/Frameworks/Carbon.framework/Headers/Carbon.h";
				INFOPLIST_FILE = "vvv-Info.plist";
				INSTALL_PATH = "$(HOME)/Applications";
				LIBRARY_SEARCH_PATHS = (
					"$(inherited)",
					"$(LIBRARY_SEARCH_PATHS_QUOTED_1)",
					"$(LIBRARY_SEARCH_PATHS_QUOTED_2)",
					"$(LIBRARY_SEARCH_PATHS_QUOTED_3)",
				);
				LIBRARY_SEARCH_PATHS_QUOTED_1 = "\"$(SRCROOT)/firebird_runtime/firebird\"";
				LIBRARY_SEARCH_PATHS_QUOTED_2 = "\"$(SRCROOT)/firebird_runtime/firebird\"";
				LIBRARY_SEARCH_PATHS_QUOTED_3 = "\"$(SRCROOT)/firebird_runtime/firebird\"";
				OTHER_LDFLAGS = "$(inherited)";
				PREBINDING = NO;
				PRODUCT_NAME = vvv;
				WRAPPER_EXTENSION = app;
				ZERO_LINK = NO;
			};
			name = Debug;
		};
		BDC85C270D25630D00BE8D80 /* Release */ = {
			isa = XCBuildConfiguration;
			buildSettings = {
				COPY_PHASE_STRIP = YES;
				GCC_ENABLE_FIX_AND_CONTINUE = NO;
				GCC_GENERATE_DEBUGGING_SYMBOLS = NO;
				GCC_MODEL_TUNING = G5;
				GCC_PRECOMPILE_PREFIX_HEADER = YES;
				GCC_PREFIX_HEADER = "$(SYSTEM_LIBRARY_DIR)/Frameworks/Carbon.framework/Headers/Carbon.h";
				INFOPLIST_FILE = "vvv-Info.plist";
				INSTALL_PATH = "$(HOME)/Applications";
				LIBRARY_SEARCH_PATHS = (
					"$(inherited)",
					"$(LIBRARY_SEARCH_PATHS_QUOTED_1)",
					"$(LIBRARY_SEARCH_PATHS_QUOTED_2)",
					"$(LIBRARY_SEARCH_PATHS_QUOTED_3)",
				);
				LIBRARY_SEARCH_PATHS_QUOTED_1 = "\"$(SRCROOT)/firebird_runtime/firebird\"";
				LIBRARY_SEARCH_PATHS_QUOTED_2 = "\"$(SRCROOT)/firebird_runtime/firebird\"";
				LIBRARY_SEARCH_PATHS_QUOTED_3 = "\"$(SRCROOT)/firebird_runtime/firebird\"";
				OTHER_CPLUSPLUSFLAGS = "$(inherited)";
				OTHER_LDFLAGS = "$(inherited)";
				PREBINDING = NO;
				PRODUCT_NAME = vvv;
				WRAPPER_EXTENSION = app;
				ZERO_LINK = NO;
			};
			name = Release;
		};
/* End XCBuildConfiguration section */

/* Begin XCConfigurationList section */
		BDB5099E0D26C0CE003AB768 /* Build configuration list for PBXNativeTarget "IBPP" */ = {
			isa = XCConfigurationList;
			buildConfigurations = (
				BDB5099F0D26C0CE003AB768 /* Debug */,
				BDB509A00D26C0CE003AB768 /* Release */,
			);
			defaultConfigurationIsVisible = 0;
			defaultConfigurationName = Release;
		};
		BDC85C150D2562F300BE8D80 /* Build configuration list for PBXProject "vvv" */ = {
			isa = XCConfigurationList;
			buildConfigurations = (
				BDC85C160D2562F300BE8D80 /* Debug */,
				BDC85C170D2562F300BE8D80 /* Release */,
			);
			defaultConfigurationIsVisible = 0;
			defaultConfigurationName = Release;
		};
		BDC85C250D25630D00BE8D80 /* Build configuration list for PBXNativeTarget "vvv" */ = {
			isa = XCConfigurationList;
			buildConfigurations = (
				BDC85C260D25630D00BE8D80 /* Debug */,
				BDC85C270D25630D00BE8D80 /* Release */,
			);
			defaultConfigurationIsVisible = 0;
			defaultConfigurationName = Release;
		};
/* End XCConfigurationList section */
	};
	rootObject = BDC85C140D2562F300BE8D80 /* Project object */;
}
